// !$*UTF8*$!
{
	archiveVersion = 1;
	classes = {
	};
	objectVersion = 50;
	objects = {

/* Begin PBXBuildFile section */
		342AC9EA844614797F5B564F /* Pods_CareaxiomChallengeTests.framework in Frameworks */ = {isa = PBXBuildFile; fileRef = FB1A4A52ADF817C3CA0803E8 /* Pods_CareaxiomChallengeTests.framework */; };
		3509DA4C39D57110D3D81939 /* Pods_CareaxiomChallenge.framework in Frameworks */ = {isa = PBXBuildFile; fileRef = 2ADD44DA3A27AE6D6D478816 /* Pods_CareaxiomChallenge.framework */; };
		42403150E194633076CB6CA9 /* Pods_CareaxiomChallenge_CareaxiomChallengeUITests.framework in Frameworks */ = {isa = PBXBuildFile; fileRef = D72180DB8FADEB19B3993DF5 /* Pods_CareaxiomChallenge_CareaxiomChallengeUITests.framework */; };
		7CC3441426E785D100A2F627 /* AppDelegate.swift in Sources */ = {isa = PBXBuildFile; fileRef = 7CC3441326E785D100A2F627 /* AppDelegate.swift */; };
		7CC3441626E785D100A2F627 /* SceneDelegate.swift in Sources */ = {isa = PBXBuildFile; fileRef = 7CC3441526E785D100A2F627 /* SceneDelegate.swift */; };
		7CC3441826E785D100A2F627 /* ViewController.swift in Sources */ = {isa = PBXBuildFile; fileRef = 7CC3441726E785D100A2F627 /* ViewController.swift */; };
		7CC3441B26E785D100A2F627 /* Main.storyboard in Resources */ = {isa = PBXBuildFile; fileRef = 7CC3441926E785D100A2F627 /* Main.storyboard */; };
		7CC3441D26E785D400A2F627 /* Assets.xcassets in Resources */ = {isa = PBXBuildFile; fileRef = 7CC3441C26E785D400A2F627 /* Assets.xcassets */; };
		7CC3442026E785D400A2F627 /* LaunchScreen.storyboard in Resources */ = {isa = PBXBuildFile; fileRef = 7CC3441E26E785D400A2F627 /* LaunchScreen.storyboard */; };
		7CC3442B26E785D400A2F627 /* CareaxiomChallengeTests.swift in Sources */ = {isa = PBXBuildFile; fileRef = 7CC3442A26E785D400A2F627 /* CareaxiomChallengeTests.swift */; };
		7CC3443626E785D400A2F627 /* CareaxiomChallengeUITests.swift in Sources */ = {isa = PBXBuildFile; fileRef = 7CC3443526E785D400A2F627 /* CareaxiomChallengeUITests.swift */; };
/* End PBXBuildFile section */

/* Begin PBXContainerItemProxy section */
		7CC3442726E785D400A2F627 /* PBXContainerItemProxy */ = {
			isa = PBXContainerItemProxy;
			containerPortal = 7CC3440826E785D100A2F627 /* Project object */;
			proxyType = 1;
			remoteGlobalIDString = 7CC3440F26E785D100A2F627;
			remoteInfo = CareaxiomChallenge;
		};
		7CC3443226E785D400A2F627 /* PBXContainerItemProxy */ = {
			isa = PBXContainerItemProxy;
			containerPortal = 7CC3440826E785D100A2F627 /* Project object */;
			proxyType = 1;
			remoteGlobalIDString = 7CC3440F26E785D100A2F627;
			remoteInfo = CareaxiomChallenge;
		};
/* End PBXContainerItemProxy section */

/* Begin PBXFileReference section */
		2ADD44DA3A27AE6D6D478816 /* Pods_CareaxiomChallenge.framework */ = {isa = PBXFileReference; explicitFileType = wrapper.framework; includeInIndex = 0; path = Pods_CareaxiomChallenge.framework; sourceTree = BUILT_PRODUCTS_DIR; };
		30A37EE9B1CE46631378CF74 /* Pods-CareaxiomChallenge-CareaxiomChallengeUITests.debug.xcconfig */ = {isa = PBXFileReference; includeInIndex = 1; lastKnownFileType = text.xcconfig; name = "Pods-CareaxiomChallenge-CareaxiomChallengeUITests.debug.xcconfig"; path = "Target Support Files/Pods-CareaxiomChallenge-CareaxiomChallengeUITests/Pods-CareaxiomChallenge-CareaxiomChallengeUITests.debug.xcconfig"; sourceTree = "<group>"; };
		6D985AB5843275326370D30E /* Pods-CareaxiomChallengeTests.release.xcconfig */ = {isa = PBXFileReference; includeInIndex = 1; lastKnownFileType = text.xcconfig; name = "Pods-CareaxiomChallengeTests.release.xcconfig"; path = "Target Support Files/Pods-CareaxiomChallengeTests/Pods-CareaxiomChallengeTests.release.xcconfig"; sourceTree = "<group>"; };
		723CED434283F3C67BCBE66C /* Pods-CareaxiomChallenge.release.xcconfig */ = {isa = PBXFileReference; includeInIndex = 1; lastKnownFileType = text.xcconfig; name = "Pods-CareaxiomChallenge.release.xcconfig"; path = "Target Support Files/Pods-CareaxiomChallenge/Pods-CareaxiomChallenge.release.xcconfig"; sourceTree = "<group>"; };
		755DD682BD83E6BBE10CC5F7 /* Pods-CareaxiomChallengeTests.debug.xcconfig */ = {isa = PBXFileReference; includeInIndex = 1; lastKnownFileType = text.xcconfig; name = "Pods-CareaxiomChallengeTests.debug.xcconfig"; path = "Target Support Files/Pods-CareaxiomChallengeTests/Pods-CareaxiomChallengeTests.debug.xcconfig"; sourceTree = "<group>"; };
		7CC3441026E785D100A2F627 /* CareaxiomChallenge.app */ = {isa = PBXFileReference; explicitFileType = wrapper.application; includeInIndex = 0; path = CareaxiomChallenge.app; sourceTree = BUILT_PRODUCTS_DIR; };
		7CC3441326E785D100A2F627 /* AppDelegate.swift */ = {isa = PBXFileReference; lastKnownFileType = sourcecode.swift; path = AppDelegate.swift; sourceTree = "<group>"; };
		7CC3441526E785D100A2F627 /* SceneDelegate.swift */ = {isa = PBXFileReference; lastKnownFileType = sourcecode.swift; path = SceneDelegate.swift; sourceTree = "<group>"; };
		7CC3441726E785D100A2F627 /* ViewController.swift */ = {isa = PBXFileReference; lastKnownFileType = sourcecode.swift; path = ViewController.swift; sourceTree = "<group>"; };
		7CC3441A26E785D100A2F627 /* Base */ = {isa = PBXFileReference; lastKnownFileType = file.storyboard; name = Base; path = Base.lproj/Main.storyboard; sourceTree = "<group>"; };
		7CC3441C26E785D400A2F627 /* Assets.xcassets */ = {isa = PBXFileReference; lastKnownFileType = folder.assetcatalog; path = Assets.xcassets; sourceTree = "<group>"; };
		7CC3441F26E785D400A2F627 /* Base */ = {isa = PBXFileReference; lastKnownFileType = file.storyboard; name = Base; path = Base.lproj/LaunchScreen.storyboard; sourceTree = "<group>"; };
		7CC3442126E785D400A2F627 /* Info.plist */ = {isa = PBXFileReference; lastKnownFileType = text.plist.xml; path = Info.plist; sourceTree = "<group>"; };
		7CC3442626E785D400A2F627 /* CareaxiomChallengeTests.xctest */ = {isa = PBXFileReference; explicitFileType = wrapper.cfbundle; includeInIndex = 0; path = CareaxiomChallengeTests.xctest; sourceTree = BUILT_PRODUCTS_DIR; };
		7CC3442A26E785D400A2F627 /* CareaxiomChallengeTests.swift */ = {isa = PBXFileReference; lastKnownFileType = sourcecode.swift; path = CareaxiomChallengeTests.swift; sourceTree = "<group>"; };
		7CC3442C26E785D400A2F627 /* Info.plist */ = {isa = PBXFileReference; lastKnownFileType = text.plist.xml; path = Info.plist; sourceTree = "<group>"; };
		7CC3443126E785D400A2F627 /* CareaxiomChallengeUITests.xctest */ = {isa = PBXFileReference; explicitFileType = wrapper.cfbundle; includeInIndex = 0; path = CareaxiomChallengeUITests.xctest; sourceTree = BUILT_PRODUCTS_DIR; };
		7CC3443526E785D400A2F627 /* CareaxiomChallengeUITests.swift */ = {isa = PBXFileReference; lastKnownFileType = sourcecode.swift; path = CareaxiomChallengeUITests.swift; sourceTree = "<group>"; };
		7CC3443726E785D400A2F627 /* Info.plist */ = {isa = PBXFileReference; lastKnownFileType = text.plist.xml; path = Info.plist; sourceTree = "<group>"; };
		A18D7033876254B27E969A33 /* Pods-CareaxiomChallenge-CareaxiomChallengeUITests.release.xcconfig */ = {isa = PBXFileReference; includeInIndex = 1; lastKnownFileType = text.xcconfig; name = "Pods-CareaxiomChallenge-CareaxiomChallengeUITests.release.xcconfig"; path = "Target Support Files/Pods-CareaxiomChallenge-CareaxiomChallengeUITests/Pods-CareaxiomChallenge-CareaxiomChallengeUITests.release.xcconfig"; sourceTree = "<group>"; };
		AC201A091DA34379963705C8 /* Pods-CareaxiomChallenge.debug.xcconfig */ = {isa = PBXFileReference; includeInIndex = 1; lastKnownFileType = text.xcconfig; name = "Pods-CareaxiomChallenge.debug.xcconfig"; path = "Target Support Files/Pods-CareaxiomChallenge/Pods-CareaxiomChallenge.debug.xcconfig"; sourceTree = "<group>"; };
		D72180DB8FADEB19B3993DF5 /* Pods_CareaxiomChallenge_CareaxiomChallengeUITests.framework */ = {isa = PBXFileReference; explicitFileType = wrapper.framework; includeInIndex = 0; path = Pods_CareaxiomChallenge_CareaxiomChallengeUITests.framework; sourceTree = BUILT_PRODUCTS_DIR; };
		FB1A4A52ADF817C3CA0803E8 /* Pods_CareaxiomChallengeTests.framework */ = {isa = PBXFileReference; explicitFileType = wrapper.framework; includeInIndex = 0; path = Pods_CareaxiomChallengeTests.framework; sourceTree = BUILT_PRODUCTS_DIR; };
/* End PBXFileReference section */

/* Begin PBXFrameworksBuildPhase section */
		7CC3440D26E785D100A2F627 /* Frameworks */ = {
			isa = PBXFrameworksBuildPhase;
			buildActionMask = 2147483647;
			files = (
				3509DA4C39D57110D3D81939 /* Pods_CareaxiomChallenge.framework in Frameworks */,
			);
			runOnlyForDeploymentPostprocessing = 0;
		};
		7CC3442326E785D400A2F627 /* Frameworks */ = {
			isa = PBXFrameworksBuildPhase;
			buildActionMask = 2147483647;
			files = (
				342AC9EA844614797F5B564F /* Pods_CareaxiomChallengeTests.framework in Frameworks */,
			);
			runOnlyForDeploymentPostprocessing = 0;
		};
		7CC3442E26E785D400A2F627 /* Frameworks */ = {
			isa = PBXFrameworksBuildPhase;
			buildActionMask = 2147483647;
			files = (
				42403150E194633076CB6CA9 /* Pods_CareaxiomChallenge_CareaxiomChallengeUITests.framework in Frameworks */,
			);
			runOnlyForDeploymentPostprocessing = 0;
		};
/* End PBXFrameworksBuildPhase section */

/* Begin PBXGroup section */
		7CC3440726E785D100A2F627 = {
			isa = PBXGroup;
			children = (
				7CC3441226E785D100A2F627 /* CareaxiomChallenge */,
				7CC3442926E785D400A2F627 /* CareaxiomChallengeTests */,
				7CC3443426E785D400A2F627 /* CareaxiomChallengeUITests */,
				7CC3441126E785D100A2F627 /* Products */,
				B3A0AE663BE4E076F692199C /* Pods */,
				A0E25D18BEA6FA156DAE1E13 /* Frameworks */,
			);
			sourceTree = "<group>";
		};
		7CC3441126E785D100A2F627 /* Products */ = {
			isa = PBXGroup;
			children = (
				7CC3441026E785D100A2F627 /* CareaxiomChallenge.app */,
				7CC3442626E785D400A2F627 /* CareaxiomChallengeTests.xctest */,
				7CC3443126E785D400A2F627 /* CareaxiomChallengeUITests.xctest */,
			);
			name = Products;
			sourceTree = "<group>";
		};
		7CC3441226E785D100A2F627 /* CareaxiomChallenge */ = {
			isa = PBXGroup;
			children = (
				7CC3441326E785D100A2F627 /* AppDelegate.swift */,
				7CC3441526E785D100A2F627 /* SceneDelegate.swift */,
				7CC3441726E785D100A2F627 /* ViewController.swift */,
				7CC3441926E785D100A2F627 /* Main.storyboard */,
				7CC3441C26E785D400A2F627 /* Assets.xcassets */,
				7CC3441E26E785D400A2F627 /* LaunchScreen.storyboard */,
				7CC3442126E785D400A2F627 /* Info.plist */,
			);
			path = CareaxiomChallenge;
			sourceTree = "<group>";
		};
		7CC3442926E785D400A2F627 /* CareaxiomChallengeTests */ = {
			isa = PBXGroup;
			children = (
				7CC3442A26E785D400A2F627 /* CareaxiomChallengeTests.swift */,
				7CC3442C26E785D400A2F627 /* Info.plist */,
			);
			path = CareaxiomChallengeTests;
			sourceTree = "<group>";
		};
		7CC3443426E785D400A2F627 /* CareaxiomChallengeUITests */ = {
			isa = PBXGroup;
			children = (
				7CC3443526E785D400A2F627 /* CareaxiomChallengeUITests.swift */,
				7CC3443726E785D400A2F627 /* Info.plist */,
			);
			path = CareaxiomChallengeUITests;
			sourceTree = "<group>";
		};
		A0E25D18BEA6FA156DAE1E13 /* Frameworks */ = {
			isa = PBXGroup;
			children = (
				2ADD44DA3A27AE6D6D478816 /* Pods_CareaxiomChallenge.framework */,
				D72180DB8FADEB19B3993DF5 /* Pods_CareaxiomChallenge_CareaxiomChallengeUITests.framework */,
				FB1A4A52ADF817C3CA0803E8 /* Pods_CareaxiomChallengeTests.framework */,
			);
			name = Frameworks;
			sourceTree = "<group>";
		};
		B3A0AE663BE4E076F692199C /* Pods */ = {
			isa = PBXGroup;
			children = (
				AC201A091DA34379963705C8 /* Pods-CareaxiomChallenge.debug.xcconfig */,
				723CED434283F3C67BCBE66C /* Pods-CareaxiomChallenge.release.xcconfig */,
				30A37EE9B1CE46631378CF74 /* Pods-CareaxiomChallenge-CareaxiomChallengeUITests.debug.xcconfig */,
				A18D7033876254B27E969A33 /* Pods-CareaxiomChallenge-CareaxiomChallengeUITests.release.xcconfig */,
				755DD682BD83E6BBE10CC5F7 /* Pods-CareaxiomChallengeTests.debug.xcconfig */,
				6D985AB5843275326370D30E /* Pods-CareaxiomChallengeTests.release.xcconfig */,
			);
			name = Pods;
			path = Pods;
			sourceTree = "<group>";
		};
/* End PBXGroup section */

/* Begin PBXNativeTarget section */
		7CC3440F26E785D100A2F627 /* CareaxiomChallenge */ = {
			isa = PBXNativeTarget;
			buildConfigurationList = 7CC3443A26E785D400A2F627 /* Build configuration list for PBXNativeTarget "CareaxiomChallenge" */;
			buildPhases = (
				B6E3F80D5E7C124DB454214C /* [CP] Check Pods Manifest.lock */,
				7CC3440C26E785D100A2F627 /* Sources */,
				7CC3440D26E785D100A2F627 /* Frameworks */,
				7CC3440E26E785D100A2F627 /* Resources */,
				25B8591CAE169C516F7A12AB /* [CP] Embed Pods Frameworks */,
			);
			buildRules = (
			);
			dependencies = (
			);
			name = CareaxiomChallenge;
			productName = CareaxiomChallenge;
			productReference = 7CC3441026E785D100A2F627 /* CareaxiomChallenge.app */;
			productType = "com.apple.product-type.application";
		};
		7CC3442526E785D400A2F627 /* CareaxiomChallengeTests */ = {
			isa = PBXNativeTarget;
			buildConfigurationList = 7CC3443D26E785D400A2F627 /* Build configuration list for PBXNativeTarget "CareaxiomChallengeTests" */;
			buildPhases = (
				9DDAA0142FDCDDC4EFFC1BA5 /* [CP] Check Pods Manifest.lock */,
				7CC3442226E785D400A2F627 /* Sources */,
				7CC3442326E785D400A2F627 /* Frameworks */,
				7CC3442426E785D400A2F627 /* Resources */,
			);
			buildRules = (
			);
			dependencies = (
				7CC3442826E785D400A2F627 /* PBXTargetDependency */,
			);
			name = CareaxiomChallengeTests;
			productName = CareaxiomChallengeTests;
			productReference = 7CC3442626E785D400A2F627 /* CareaxiomChallengeTests.xctest */;
			productType = "com.apple.product-type.bundle.unit-test";
		};
		7CC3443026E785D400A2F627 /* CareaxiomChallengeUITests */ = {
			isa = PBXNativeTarget;
			buildConfigurationList = 7CC3444026E785D400A2F627 /* Build configuration list for PBXNativeTarget "CareaxiomChallengeUITests" */;
			buildPhases = (
				3FDE29FBD3EA29770564128D /* [CP] Check Pods Manifest.lock */,
				7CC3442D26E785D400A2F627 /* Sources */,
				7CC3442E26E785D400A2F627 /* Frameworks */,
				7CC3442F26E785D400A2F627 /* Resources */,
				98231089A7A46CBD24656669 /* [CP] Embed Pods Frameworks */,
			);
			buildRules = (
			);
			dependencies = (
				7CC3443326E785D400A2F627 /* PBXTargetDependency */,
			);
			name = CareaxiomChallengeUITests;
			productName = CareaxiomChallengeUITests;
			productReference = 7CC3443126E785D400A2F627 /* CareaxiomChallengeUITests.xctest */;
			productType = "com.apple.product-type.bundle.ui-testing";
		};
/* End PBXNativeTarget section */

/* Begin PBXProject section */
		7CC3440826E785D100A2F627 /* Project object */ = {
			isa = PBXProject;
			attributes = {
				LastSwiftUpdateCheck = 1250;
				LastUpgradeCheck = 1250;
				TargetAttributes = {
					7CC3440F26E785D100A2F627 = {
						CreatedOnToolsVersion = 12.5;
					};
					7CC3442526E785D400A2F627 = {
						CreatedOnToolsVersion = 12.5;
						TestTargetID = 7CC3440F26E785D100A2F627;
					};
					7CC3443026E785D400A2F627 = {
						CreatedOnToolsVersion = 12.5;
						TestTargetID = 7CC3440F26E785D100A2F627;
					};
				};
			};
			buildConfigurationList = 7CC3440B26E785D100A2F627 /* Build configuration list for PBXProject "CareaxiomChallenge" */;
			compatibilityVersion = "Xcode 9.3";
			developmentRegion = en;
			hasScannedForEncodings = 0;
			knownRegions = (
				en,
				Base,
			);
			mainGroup = 7CC3440726E785D100A2F627;
			productRefGroup = 7CC3441126E785D100A2F627 /* Products */;
			projectDirPath = "";
			projectRoot = "";
			targets = (
				7CC3440F26E785D100A2F627 /* CareaxiomChallenge */,
				7CC3442526E785D400A2F627 /* CareaxiomChallengeTests */,
				7CC3443026E785D400A2F627 /* CareaxiomChallengeUITests */,
			);
		};
/* End PBXProject section */

/* Begin PBXResourcesBuildPhase section */
		7CC3440E26E785D100A2F627 /* Resources */ = {
			isa = PBXResourcesBuildPhase;
			buildActionMask = 2147483647;
			files = (
				7CC3442026E785D400A2F627 /* LaunchScreen.storyboard in Resources */,
				7CC3441D26E785D400A2F627 /* Assets.xcassets in Resources */,
				7CC3441B26E785D100A2F627 /* Main.storyboard in Resources */,
			);
			runOnlyForDeploymentPostprocessing = 0;
		};
		7CC3442426E785D400A2F627 /* Resources */ = {
			isa = PBXResourcesBuildPhase;
			buildActionMask = 2147483647;
			files = (
			);
			runOnlyForDeploymentPostprocessing = 0;
		};
		7CC3442F26E785D400A2F627 /* Resources */ = {
			isa = PBXResourcesBuildPhase;
			buildActionMask = 2147483647;
			files = (
			);
			runOnlyForDeploymentPostprocessing = 0;
		};
/* End PBXResourcesBuildPhase section */

/* Begin PBXShellScriptBuildPhase section */
		25B8591CAE169C516F7A12AB /* [CP] Embed Pods Frameworks */ = {
			isa = PBXShellScriptBuildPhase;
			buildActionMask = 2147483647;
			files = (
			);
			inputFileListPaths = (
				"${PODS_ROOT}/Target Support Files/Pods-CareaxiomChallenge/Pods-CareaxiomChallenge-frameworks-${CONFIGURATION}-input-files.xcfilelist",
			);
			name = "[CP] Embed Pods Frameworks";
			outputFileListPaths = (
				"${PODS_ROOT}/Target Support Files/Pods-CareaxiomChallenge/Pods-CareaxiomChallenge-frameworks-${CONFIGURATION}-output-files.xcfilelist",
			);
			runOnlyForDeploymentPostprocessing = 0;
			shellPath = /bin/sh;
			shellScript = "\"${PODS_ROOT}/Target Support Files/Pods-CareaxiomChallenge/Pods-CareaxiomChallenge-frameworks.sh\"\n";
			showEnvVarsInLog = 0;
		};
		3FDE29FBD3EA29770564128D /* [CP] Check Pods Manifest.lock */ = {
			isa = PBXShellScriptBuildPhase;
			buildActionMask = 2147483647;
			files = (
			);
			inputFileListPaths = (
			);
			inputPaths = (
				"${PODS_PODFILE_DIR_PATH}/Podfile.lock",
				"${PODS_ROOT}/Manifest.lock",
			);
			name = "[CP] Check Pods Manifest.lock";
			outputFileListPaths = (
			);
			outputPaths = (
				"$(DERIVED_FILE_DIR)/Pods-CareaxiomChallenge-CareaxiomChallengeUITests-checkManifestLockResult.txt",
			);
			runOnlyForDeploymentPostprocessing = 0;
			shellPath = /bin/sh;
			shellScript = "diff \"${PODS_PODFILE_DIR_PATH}/Podfile.lock\" \"${PODS_ROOT}/Manifest.lock\" > /dev/null\nif [ $? != 0 ] ; then\n    # print error to STDERR\n    echo \"error: The sandbox is not in sync with the Podfile.lock. Run 'pod install' or update your CocoaPods installation.\" >&2\n    exit 1\nfi\n# This output is used by Xcode 'outputs' to avoid re-running this script phase.\necho \"SUCCESS\" > \"${SCRIPT_OUTPUT_FILE_0}\"\n";
			showEnvVarsInLog = 0;
		};
		98231089A7A46CBD24656669 /* [CP] Embed Pods Frameworks */ = {
			isa = PBXShellScriptBuildPhase;
			buildActionMask = 2147483647;
			files = (
			);
			inputFileListPaths = (
				"${PODS_ROOT}/Target Support Files/Pods-CareaxiomChallenge-CareaxiomChallengeUITests/Pods-CareaxiomChallenge-CareaxiomChallengeUITests-frameworks-${CONFIGURATION}-input-files.xcfilelist",
			);
			name = "[CP] Embed Pods Frameworks";
			outputFileListPaths = (
				"${PODS_ROOT}/Target Support Files/Pods-CareaxiomChallenge-CareaxiomChallengeUITests/Pods-CareaxiomChallenge-CareaxiomChallengeUITests-frameworks-${CONFIGURATION}-output-files.xcfilelist",
			);
			runOnlyForDeploymentPostprocessing = 0;
			shellPath = /bin/sh;
			shellScript = "\"${PODS_ROOT}/Target Support Files/Pods-CareaxiomChallenge-CareaxiomChallengeUITests/Pods-CareaxiomChallenge-CareaxiomChallengeUITests-frameworks.sh\"\n";
			showEnvVarsInLog = 0;
		};
		9DDAA0142FDCDDC4EFFC1BA5 /* [CP] Check Pods Manifest.lock */ = {
			isa = PBXShellScriptBuildPhase;
			buildActionMask = 2147483647;
			files = (
			);
			inputFileListPaths = (
			);
			inputPaths = (
				"${PODS_PODFILE_DIR_PATH}/Podfile.lock",
				"${PODS_ROOT}/Manifest.lock",
			);
			name = "[CP] Check Pods Manifest.lock";
			outputFileListPaths = (
			);
			outputPaths = (
				"$(DERIVED_FILE_DIR)/Pods-CareaxiomChallengeTests-checkManifestLockResult.txt",
			);
			runOnlyForDeploymentPostprocessing = 0;
			shellPath = /bin/sh;
			shellScript = "diff \"${PODS_PODFILE_DIR_PATH}/Podfile.lock\" \"${PODS_ROOT}/Manifest.lock\" > /dev/null\nif [ $? != 0 ] ; then\n    # print error to STDERR\n    echo \"error: The sandbox is not in sync with the Podfile.lock. Run 'pod install' or update your CocoaPods installation.\" >&2\n    exit 1\nfi\n# This output is used by Xcode 'outputs' to avoid re-running this script phase.\necho \"SUCCESS\" > \"${SCRIPT_OUTPUT_FILE_0}\"\n";
			showEnvVarsInLog = 0;
		};
		B6E3F80D5E7C124DB454214C /* [CP] Check Pods Manifest.lock */ = {
			isa = PBXShellScriptBuildPhase;
			buildActionMask = 2147483647;
			files = (
			);
			inputFileListPaths = (
			);
			inputPaths = (
				"${PODS_PODFILE_DIR_PATH}/Podfile.lock",
				"${PODS_ROOT}/Manifest.lock",
			);
			name = "[CP] Check Pods Manifest.lock";
			outputFileListPaths = (
			);
			outputPaths = (
				"$(DERIVED_FILE_DIR)/Pods-CareaxiomChallenge-checkManifestLockResult.txt",
			);
			runOnlyForDeploymentPostprocessing = 0;
			shellPath = /bin/sh;
			shellScript = "diff \"${PODS_PODFILE_DIR_PATH}/Podfile.lock\" \"${PODS_ROOT}/Manifest.lock\" > /dev/null\nif [ $? != 0 ] ; then\n    # print error to STDERR\n    echo \"error: The sandbox is not in sync with the Podfile.lock. Run 'pod install' or update your CocoaPods installation.\" >&2\n    exit 1\nfi\n# This output is used by Xcode 'outputs' to avoid re-running this script phase.\necho \"SUCCESS\" > \"${SCRIPT_OUTPUT_FILE_0}\"\n";
			showEnvVarsInLog = 0;
		};
/* End PBXShellScriptBuildPhase section */

/* Begin PBXSourcesBuildPhase section */
		7CC3440C26E785D100A2F627 /* Sources */ = {
			isa = PBXSourcesBuildPhase;
			buildActionMask = 2147483647;
			files = (
				7CC3441826E785D100A2F627 /* ViewController.swift in Sources */,
				7CC3441426E785D100A2F627 /* AppDelegate.swift in Sources */,
				7CC3441626E785D100A2F627 /* SceneDelegate.swift in Sources */,
			);
			runOnlyForDeploymentPostprocessing = 0;
		};
		7CC3442226E785D400A2F627 /* Sources */ = {
			isa = PBXSourcesBuildPhase;
			buildActionMask = 2147483647;
			files = (
				7CC3442B26E785D400A2F627 /* CareaxiomChallengeTests.swift in Sources */,
			);
			runOnlyForDeploymentPostprocessing = 0;
		};
		7CC3442D26E785D400A2F627 /* Sources */ = {
			isa = PBXSourcesBuildPhase;
			buildActionMask = 2147483647;
			files = (
				7CC3443626E785D400A2F627 /* CareaxiomChallengeUITests.swift in Sources */,
			);
			runOnlyForDeploymentPostprocessing = 0;
		};
/* End PBXSourcesBuildPhase section */

/* Begin PBXTargetDependency section */
		7CC3442826E785D400A2F627 /* PBXTargetDependency */ = {
			isa = PBXTargetDependency;
			target = 7CC3440F26E785D100A2F627 /* CareaxiomChallenge */;
			targetProxy = 7CC3442726E785D400A2F627 /* PBXContainerItemProxy */;
		};
		7CC3443326E785D400A2F627 /* PBXTargetDependency */ = {
			isa = PBXTargetDependency;
			target = 7CC3440F26E785D100A2F627 /* CareaxiomChallenge */;
			targetProxy = 7CC3443226E785D400A2F627 /* PBXContainerItemProxy */;
		};
/* End PBXTargetDependency section */

/* Begin PBXVariantGroup section */
		7CC3441926E785D100A2F627 /* Main.storyboard */ = {
			isa = PBXVariantGroup;
			children = (
				7CC3441A26E785D100A2F627 /* Base */,
			);
			name = Main.storyboard;
			sourceTree = "<group>";
		};
		7CC3441E26E785D400A2F627 /* LaunchScreen.storyboard */ = {
			isa = PBXVariantGroup;
			children = (
				7CC3441F26E785D400A2F627 /* Base */,
			);
			name = LaunchScreen.storyboard;
			sourceTree = "<group>";
		};
/* End PBXVariantGroup section */

/* Begin XCBuildConfiguration section */
		7CC3443826E785D400A2F627 /* Debug */ = {
			isa = XCBuildConfiguration;
			buildSettings = {
				ALWAYS_SEARCH_USER_PATHS = NO;
				CLANG_ANALYZER_NONNULL = YES;
				CLANG_ANALYZER_NUMBER_OBJECT_CONVERSION = YES_AGGRESSIVE;
				CLANG_CXX_LANGUAGE_STANDARD = "gnu++14";
				CLANG_CXX_LIBRARY = "libc++";
				CLANG_ENABLE_MODULES = YES;
				CLANG_ENABLE_OBJC_ARC = YES;
				CLANG_ENABLE_OBJC_WEAK = YES;
				CLANG_WARN_BLOCK_CAPTURE_AUTORELEASING = YES;
				CLANG_WARN_BOOL_CONVERSION = YES;
				CLANG_WARN_COMMA = YES;
				CLANG_WARN_CONSTANT_CONVERSION = YES;
				CLANG_WARN_DEPRECATED_OBJC_IMPLEMENTATIONS = YES;
				CLANG_WARN_DIRECT_OBJC_ISA_USAGE = YES_ERROR;
				CLANG_WARN_DOCUMENTATION_COMMENTS = YES;
				CLANG_WARN_EMPTY_BODY = YES;
				CLANG_WARN_ENUM_CONVERSION = YES;
				CLANG_WARN_INFINITE_RECURSION = YES;
				CLANG_WARN_INT_CONVERSION = YES;
				CLANG_WARN_NON_LITERAL_NULL_CONVERSION = YES;
				CLANG_WARN_OBJC_IMPLICIT_RETAIN_SELF = YES;
				CLANG_WARN_OBJC_LITERAL_CONVERSION = YES;
				CLANG_WARN_OBJC_ROOT_CLASS = YES_ERROR;
				CLANG_WARN_QUOTED_INCLUDE_IN_FRAMEWORK_HEADER = YES;
				CLANG_WARN_RANGE_LOOP_ANALYSIS = YES;
				CLANG_WARN_STRICT_PROTOTYPES = YES;
				CLANG_WARN_SUSPICIOUS_MOVE = YES;
				CLANG_WARN_UNGUARDED_AVAILABILITY = YES_AGGRESSIVE;
				CLANG_WARN_UNREACHABLE_CODE = YES;
				CLANG_WARN__DUPLICATE_METHOD_MATCH = YES;
				COPY_PHASE_STRIP = NO;
				DEBUG_INFORMATION_FORMAT = dwarf;
				ENABLE_STRICT_OBJC_MSGSEND = YES;
				ENABLE_TESTABILITY = YES;
				GCC_C_LANGUAGE_STANDARD = gnu11;
				GCC_DYNAMIC_NO_PIC = NO;
				GCC_NO_COMMON_BLOCKS = YES;
				GCC_OPTIMIZATION_LEVEL = 0;
				GCC_PREPROCESSOR_DEFINITIONS = (
					"DEBUG=1",
					"$(inherited)",
				);
				GCC_WARN_64_TO_32_BIT_CONVERSION = YES;
				GCC_WARN_ABOUT_RETURN_TYPE = YES_ERROR;
				GCC_WARN_UNDECLARED_SELECTOR = YES;
				GCC_WARN_UNINITIALIZED_AUTOS = YES_AGGRESSIVE;
				GCC_WARN_UNUSED_FUNCTION = YES;
				GCC_WARN_UNUSED_VARIABLE = YES;
				IPHONEOS_DEPLOYMENT_TARGET = 14.5;
				MTL_ENABLE_DEBUG_INFO = INCLUDE_SOURCE;
				MTL_FAST_MATH = YES;
				ONLY_ACTIVE_ARCH = YES;
				SDKROOT = iphoneos;
				SWIFT_ACTIVE_COMPILATION_CONDITIONS = DEBUG;
				SWIFT_OPTIMIZATION_LEVEL = "-Onone";
			};
			name = Debug;
		};
		7CC3443926E785D400A2F627 /* Release */ = {
			isa = XCBuildConfiguration;
			buildSettings = {
				ALWAYS_SEARCH_USER_PATHS = NO;
				CLANG_ANALYZER_NONNULL = YES;
				CLANG_ANALYZER_NUMBER_OBJECT_CONVERSION = YES_AGGRESSIVE;
				CLANG_CXX_LANGUAGE_STANDARD = "gnu++14";
				CLANG_CXX_LIBRARY = "libc++";
				CLANG_ENABLE_MODULES = YES;
				CLANG_ENABLE_OBJC_ARC = YES;
				CLANG_ENABLE_OBJC_WEAK = YES;
				CLANG_WARN_BLOCK_CAPTURE_AUTORELEASING = YES;
				CLANG_WARN_BOOL_CONVERSION = YES;
				CLANG_WARN_COMMA = YES;
				CLANG_WARN_CONSTANT_CONVERSION = YES;
				CLANG_WARN_DEPRECATED_OBJC_IMPLEMENTATIONS = YES;
				CLANG_WARN_DIRECT_OBJC_ISA_USAGE = YES_ERROR;
				CLANG_WARN_DOCUMENTATION_COMMENTS = YES;
				CLANG_WARN_EMPTY_BODY = YES;
				CLANG_WARN_ENUM_CONVERSION = YES;
				CLANG_WARN_INFINITE_RECURSION = YES;
				CLANG_WARN_INT_CONVERSION = YES;
				CLANG_WARN_NON_LITERAL_NULL_CONVERSION = YES;
				CLANG_WARN_OBJC_IMPLICIT_RETAIN_SELF = YES;
				CLANG_WARN_OBJC_LITERAL_CONVERSION = YES;
				CLANG_WARN_OBJC_ROOT_CLASS = YES_ERROR;
				CLANG_WARN_QUOTED_INCLUDE_IN_FRAMEWORK_HEADER = YES;
				CLANG_WARN_RANGE_LOOP_ANALYSIS = YES;
				CLANG_WARN_STRICT_PROTOTYPES = YES;
				CLANG_WARN_SUSPICIOUS_MOVE = YES;
				CLANG_WARN_UNGUARDED_AVAILABILITY = YES_AGGRESSIVE;
				CLANG_WARN_UNREACHABLE_CODE = YES;
				CLANG_WARN__DUPLICATE_METHOD_MATCH = YES;
				COPY_PHASE_STRIP = NO;
				DEBUG_INFORMATION_FORMAT = "dwarf-with-dsym";
				ENABLE_NS_ASSERTIONS = NO;
				ENABLE_STRICT_OBJC_MSGSEND = YES;
				GCC_C_LANGUAGE_STANDARD = gnu11;
				GCC_NO_COMMON_BLOCKS = YES;
				GCC_WARN_64_TO_32_BIT_CONVERSION = YES;
				GCC_WARN_ABOUT_RETURN_TYPE = YES_ERROR;
				GCC_WARN_UNDECLARED_SELECTOR = YES;
				GCC_WARN_UNINITIALIZED_AUTOS = YES_AGGRESSIVE;
				GCC_WARN_UNUSED_FUNCTION = YES;
				GCC_WARN_UNUSED_VARIABLE = YES;
				IPHONEOS_DEPLOYMENT_TARGET = 14.5;
				MTL_ENABLE_DEBUG_INFO = NO;
				MTL_FAST_MATH = YES;
				SDKROOT = iphoneos;
				SWIFT_COMPILATION_MODE = wholemodule;
				SWIFT_OPTIMIZATION_LEVEL = "-O";
				VALIDATE_PRODUCT = YES;
			};
			name = Release;
		};
		7CC3443B26E785D400A2F627 /* Debug */ = {
			isa = XCBuildConfiguration;
			baseConfigurationReference = AC201A091DA34379963705C8 /* Pods-CareaxiomChallenge.debug.xcconfig */;
			buildSettings = {
				ASSETCATALOG_COMPILER_APPICON_NAME = AppIcon;
				ASSETCATALOG_COMPILER_GLOBAL_ACCENT_COLOR_NAME = AccentColor;
				CODE_SIGN_STYLE = Automatic;
				DEVELOPMENT_TEAM = PQ6A477B6S;
				INFOPLIST_FILE = CareaxiomChallenge/Info.plist;
				LD_RUNPATH_SEARCH_PATHS = (
					"$(inherited)",
					"@executable_path/Frameworks",
				);
				PRODUCT_BUNDLE_IDENTIFIER = com.apsify.CareaxiomChallenge;
				PRODUCT_NAME = "$(TARGET_NAME)";
				SWIFT_VERSION = 5.0;
				TARGETED_DEVICE_FAMILY = "1,2";
			};
			name = Debug;
		};
		7CC3443C26E785D400A2F627 /* Release */ = {
			isa = XCBuildConfiguration;
			baseConfigurationReference = 723CED434283F3C67BCBE66C /* Pods-CareaxiomChallenge.release.xcconfig */;
			buildSettings = {
				ASSETCATALOG_COMPILER_APPICON_NAME = AppIcon;
				ASSETCATALOG_COMPILER_GLOBAL_ACCENT_COLOR_NAME = AccentColor;
				CODE_SIGN_STYLE = Automatic;
				DEVELOPMENT_TEAM = PQ6A477B6S;
				INFOPLIST_FILE = CareaxiomChallenge/Info.plist;
				LD_RUNPATH_SEARCH_PATHS = (
					"$(inherited)",
					"@executable_path/Frameworks",
				);
				PRODUCT_BUNDLE_IDENTIFIER = com.apsify.CareaxiomChallenge;
				PRODUCT_NAME = "$(TARGET_NAME)";
				SWIFT_VERSION = 5.0;
				TARGETED_DEVICE_FAMILY = "1,2";
			};
			name = Release;
		};
		7CC3443E26E785D400A2F627 /* Debug */ = {
			isa = XCBuildConfiguration;
			baseConfigurationReference = 755DD682BD83E6BBE10CC5F7 /* Pods-CareaxiomChallengeTests.debug.xcconfig */;
			buildSettings = {
				ALWAYS_EMBED_SWIFT_STANDARD_LIBRARIES = YES;
				BUNDLE_LOADER = "$(TEST_HOST)";
				CODE_SIGN_STYLE = Automatic;
				DEVELOPMENT_TEAM = PQ6A477B6S;
				INFOPLIST_FILE = CareaxiomChallengeTests/Info.plist;
				IPHONEOS_DEPLOYMENT_TARGET = 14.5;
				LD_RUNPATH_SEARCH_PATHS = (
					"$(inherited)",
					"@executable_path/Frameworks",
					"@loader_path/Frameworks",
				);
				PRODUCT_BUNDLE_IDENTIFIER = com.apsify.CareaxiomChallengeTests;
				PRODUCT_NAME = "$(TARGET_NAME)";
				SWIFT_VERSION = 5.0;
				TARGETED_DEVICE_FAMILY = "1,2";
				TEST_HOST = "$(BUILT_PRODUCTS_DIR)/CareaxiomChallenge.app/CareaxiomChallenge";
			};
			name = Debug;
		};
		7CC3443F26E785D400A2F627 /* Release */ = {
			isa = XCBuildConfiguration;
			baseConfigurationReference = 6D985AB5843275326370D30E /* Pods-CareaxiomChallengeTests.release.xcconfig */;
			buildSettings = {
				ALWAYS_EMBED_SWIFT_STANDARD_LIBRARIES = YES;
				BUNDLE_LOADER = "$(TEST_HOST)";
				CODE_SIGN_STYLE = Automatic;
				DEVELOPMENT_TEAM = PQ6A477B6S;
				INFOPLIST_FILE = CareaxiomChallengeTests/Info.plist;
				IPHONEOS_DEPLOYMENT_TARGET = 14.5;
				LD_RUNPATH_SEARCH_PATHS = (
					"$(inherited)",
					"@executable_path/Frameworks",
					"@loader_path/Frameworks",
				);
				PRODUCT_BUNDLE_IDENTIFIER = com.apsify.CareaxiomChallengeTests;
				PRODUCT_NAME = "$(TARGET_NAME)";
				SWIFT_VERSION = 5.0;
				TARGETED_DEVICE_FAMILY = "1,2";
				TEST_HOST = "$(BUILT_PRODUCTS_DIR)/CareaxiomChallenge.app/CareaxiomChallenge";
			};
			name = Release;
		};
		7CC3444126E785D400A2F627 /* Debug */ = {
			isa = XCBuildConfiguration;
			baseConfigurationReference = 30A37EE9B1CE46631378CF74 /* Pods-CareaxiomChallenge-CareaxiomChallengeUITests.debug.xcconfig */;
			buildSettings = {
				ALWAYS_EMBED_SWIFT_STANDARD_LIBRARIES = YES;
				CODE_SIGN_STYLE = Automatic;
				DEVELOPMENT_TEAM = PQ6A477B6S;
				INFOPLIST_FILE = CareaxiomChallengeUITests/Info.plist;
				LD_RUNPATH_SEARCH_PATHS = (
					"$(inherited)",
					"@executable_path/Frameworks",
					"@loader_path/Frameworks",
				);
				PRODUCT_BUNDLE_IDENTIFIER = com.apsify.CareaxiomChallengeUITests;
				PRODUCT_NAME = "$(TARGET_NAME)";
				SWIFT_VERSION = 5.0;
				TARGETED_DEVICE_FAMILY = "1,2";
				TEST_TARGET_NAME = CareaxiomChallenge;
			};
			name = Debug;
		};
		7CC3444226E785D400A2F627 /* Release */ = {
			isa = XCBuildConfiguration;
			baseConfigurationReference = A18D7033876254B27E969A33 /* Pods-CareaxiomChallenge-CareaxiomChallengeUITests.release.xcconfig */;
			buildSettings = {
				ALWAYS_EMBED_SWIFT_STANDARD_LIBRARIES = YES;
				CODE_SIGN_STYLE = Automatic;
				DEVELOPMENT_TEAM = PQ6A477B6S;
				INFOPLIST_FILE = CareaxiomChallengeUITests/Info.plist;
				LD_RUNPATH_SEARCH_PATHS = (
					"$(inherited)",
					"@executable_path/Frameworks",
					"@loader_path/Frameworks",
				);
				PRODUCT_BUNDLE_IDENTIFIER = com.apsify.CareaxiomChallengeUITests;
				PRODUCT_NAME = "$(TARGET_NAME)";
				SWIFT_VERSION = 5.0;
				TARGETED_DEVICE_FAMILY = "1,2";
				TEST_TARGET_NAME = CareaxiomChallenge;
			};
			name = Release;
		};
/* End XCBuildConfiguration section */

/* Begin XCConfigurationList section */
		7CC3440B26E785D100A2F627 /* Build configuration list for PBXProject "CareaxiomChallenge" */ = {
			isa = XCConfigurationList;
			buildConfigurations = (
				7CC3443826E785D400A2F627 /* Debug */,
				7CC3443926E785D400A2F627 /* Release */,
			);
			defaultConfigurationIsVisible = 0;
			defaultConfigurationName = Release;
		};
		7CC3443A26E785D400A2F627 /* Build configuration list for PBXNativeTarget "CareaxiomChallenge" */ = {
			isa = XCConfigurationList;
			buildConfigurations = (
				7CC3443B26E785D400A2F627 /* Debug */,
				7CC3443C26E785D400A2F627 /* Release */,
			);
			defaultConfigurationIsVisible = 0;
			defaultConfigurationName = Release;
		};
		7CC3443D26E785D400A2F627 /* Build configuration list for PBXNativeTarget "CareaxiomChallengeTests" */ = {
			isa = XCConfigurationList;
			buildConfigurations = (
				7CC3443E26E785D400A2F627 /* Debug */,
				7CC3443F26E785D400A2F627 /* Release */,
			);
			defaultConfigurationIsVisible = 0;
			defaultConfigurationName = Release;
		};
		7CC3444026E785D400A2F627 /* Build configuration list for PBXNativeTarget "CareaxiomChallengeUITests" */ = {
			isa = XCConfigurationList;
			buildConfigurations = (
				7CC3444126E785D400A2F627 /* Debug */,
				7CC3444226E785D400A2F627 /* Release */,
			);
			defaultConfigurationIsVisible = 0;
			defaultConfigurationName = Release;
		};
/* End XCConfigurationList section */
	};
	rootObject = 7CC3440826E785D100A2F627 /* Project object */;
}
